Microsoft Visual Studio Solution File, Format Version 12.00
# Visual Studio 15
VisualStudioVersion = 15.0.27004.2009
MinimumVisualStudioVersion = 15.0.26124.0
Project("{9A19103F-16F7-4668-BE54-9A1E7A4F7556}") = "ZubeNet.Common", "common\ZubeNet.Common.csproj", "{B2C0DD12-3A9B-46ED-9171-AF8CEF77E73F}"
EndProject
Project("{9A19103F-16F7-4668-BE54-9A1E7A4F7556}") = "ZubeNet.Common.Tests", "common.tests\ZubeNet.Common.Tests.csproj", "{566B32D6-3D65-4FA3-89ED-68DB91268994}"
EndProject
Global
	GlobalSection(SolutionConfigurationPlatforms) = preSolution
		Debug|Any CPU = Debug|Any CPU
		Debug|x64 = Debug|x64
		Debug|x86 = Debug|x86
		Release|Any CPU = Release|Any CPU
		Release|x64 = Release|x64
		Release|x86 = Release|x86
	EndGlobalSection
	GlobalSection(ProjectConfigurationPlatforms) = postSolution
		{B2C0DD12-3A9B-46ED-9171-AF8CEF77E73F}.Debug|Any CPU.ActiveCfg = Debug|Any CPU
		{B2C0DD12-3A9B-46ED-9171-AF8CEF77E73F}.Debug|Any CPU.Build.0 = Debug|Any CPU
		{B2C0DD12-3A9B-46ED-9171-AF8CEF77E73F}.Debug|x64.ActiveCfg = Debug|Any CPU
		{B2C0DD12-3A9B-46ED-9171-AF8CEF77E73F}.Debug|x64.Build.0 = Debug|Any CPU
		{B2C0DD12-3A9B-46ED-9171-AF8CEF77E73F}.Debug|x86.ActiveCfg = Debug|Any CPU
		{B2C0DD12-3A9B-46ED-9171-AF8CEF77E73F}.Debug|x86.Build.0 = Debug|Any CPU
		{B2C0DD12-3A9B-46ED-9171-AF8CEF77E73F}.Release|Any CPU.ActiveCfg = Release|Any CPU
		{B2C0DD12-3A9B-46ED-9171-AF8CEF77E73F}.Release|Any CPU.Build.0 = Release|Any CPU
		{B2C0DD12-3A9B-46ED-9171-AF8CEF77E73F}.Release|x64.ActiveCfg = Release|Any CPU
		{B2C0DD12-3A9B-46ED-9171-AF8CEF77E73F}.Release|x64.Build.0 = Release|Any CPU
		{B2C0DD12-3A9B-46ED-9171-AF8CEF77E73F}.Release|x86.ActiveCfg = Release|Any CPU
		{B2C0DD12-3A9B-46ED-9171-AF8CEF77E73F}.Release|x86.Build.0 = Release|Any CPU
		{566B32D6-3D65-4FA3-89ED-68DB91268994}.Debug|Any CPU.ActiveCfg = Debug|Any CPU
		{566B32D6-3D65-4FA3-89ED-68DB91268994}.Debug|Any CPU.Build.0 = Debug|Any CPU
		{566B32D6-3D65-4FA3-89ED-68DB91268994}.Debug|x64.ActiveCfg = Debug|Any CPU
		{566B32D6-3D65-4FA3-89ED-68DB91268994}.Debug|x64.Build.0 = Debug|Any CPU
		{566B32D6-3D65-4FA3-89ED-68DB91268994}.Debug|x86.ActiveCfg = Debug|Any CPU
		{566B32D6-3D65-4FA3-89ED-68DB91268994}.Debug|x86.Build.0 = Debug|Any CPU
		{566B32D6-3D65-4FA3-89ED-68DB91268994}.Release|Any CPU.ActiveCfg = Release|Any CPU
		{566B32D6-3D65-4FA3-89ED-68DB91268994}.Release|Any CPU.Build.0 = Release|Any CPU
		{566B32D6-3D65-4FA3-89ED-68DB91268994}.Release|x64.ActiveCfg = Release|Any CPU
		{566B32D6-3D65-4FA3-89ED-68DB91268994}.Release|x64.Build.0 = Release|Any CPU
		{566B32D6-3D65-4FA3-89ED-68DB91268994}.Release|x86.ActiveCfg = Release|Any CPU
		{566B32D6-3D65-4FA3-89ED-68DB91268994}.Release|x86.Build.0 = Release|Any CPU
	EndGlobalSection
	GlobalSection(SolutionProperties) = preSolution
		HideSolutionNode = FALSE
	EndGlobalSection
	GlobalSection(ExtensibilityGlobals) = postSolution
		SolutionGuid = {20E65162-1857-436D-96E0-402CD5576A10}
	EndGlobalSection
EndGlobal
